
Microsoft Visual Studio Solution File, Format Version 12.00
# Visual Studio 15
VisualStudioVersion = 15.0.27004.2005
MinimumVisualStudioVersion = 10.0.40219.1
Project("{FAE04EC0-301F-11D3-BF4B-00C04F79EFBC}") = "TheaterBooking.Web", "TheaterBooking.Web\TheaterBooking.Web.csproj", "{FD86719E-7D8B-46F8-854C-93CC7D3921D9}"
EndProject
Project("{00D1A9C2-B5F0-4AF3-8072-F6C62B433612}") = "TheaterBooking.SqlDb", "TheaterBooking.SqlDb\TheaterBooking.SqlDb.sqlproj", "{3002F2FF-40D3-49D5-B5E1-F38EC0E7860E}"
EndProject
Global
	GlobalSection(SolutionConfigurationPlatforms) = preSolution
		Debug|Any CPU = Debug|Any CPU
		Release|Any CPU = Release|Any CPU
	EndGlobalSection
	GlobalSection(ProjectConfigurationPlatforms) = postSolution
		{FD86719E-7D8B-46F8-854C-93CC7D3921D9}.Debug|Any CPU.ActiveCfg = Debug|Any CPU
		{FD86719E-7D8B-46F8-854C-93CC7D3921D9}.Debug|Any CPU.Build.0 = Debug|Any CPU
		{FD86719E-7D8B-46F8-854C-93CC7D3921D9}.Release|Any CPU.ActiveCfg = Release|Any CPU
		{FD86719E-7D8B-46F8-854C-93CC7D3921D9}.Release|Any CPU.Build.0 = Release|Any CPU
		{3002F2FF-40D3-49D5-B5E1-F38EC0E7860E}.Debug|Any CPU.ActiveCfg = Debug|Any CPU
		{3002F2FF-40D3-49D5-B5E1-F38EC0E7860E}.Debug|Any CPU.Build.0 = Debug|Any CPU
		{3002F2FF-40D3-49D5-B5E1-F38EC0E7860E}.Debug|Any CPU.Deploy.0 = Debug|Any CPU
		{3002F2FF-40D3-49D5-B5E1-F38EC0E7860E}.Release|Any CPU.ActiveCfg = Release|Any CPU
		{3002F2FF-40D3-49D5-B5E1-F38EC0E7860E}.Release|Any CPU.Build.0 = Release|Any CPU
		{3002F2FF-40D3-49D5-B5E1-F38EC0E7860E}.Release|Any CPU.Deploy.0 = Release|Any CPU
	EndGlobalSection
	GlobalSection(SolutionProperties) = preSolution
		HideSolutionNode = FALSE
	EndGlobalSection
	GlobalSection(ExtensibilityGlobals) = postSolution
		SolutionGuid = {FD69FAEE-EF6C-4773-835F-56F5623723FB}
	EndGlobalSection
EndGlobal
